
Microsoft Visual Studio Solution File, Format Version 12.00
# Visual Studio Version 17
VisualStudioVersion = 17.6.33513.286
MinimumVisualStudioVersion = 10.0.40219.1
Project("{9A19103F-16F7-4668-BE54-9A1E7A4F7556}") = "Host", "Host.csproj", "{721D467C-BB78-4082-962C-9CB3C0368B4E}"
EndProject
Project("{9A19103F-16F7-4668-BE54-9A1E7A4F7556}") = "ClientWPFPostA", "ClientWPFPostA\ClientWPFPostA.csproj", "{0CD7ECF1-1075-4A05-912B-89F25D034C1D}"
EndProject
Project("{9A19103F-16F7-4668-BE54-9A1E7A4F7556}") = "ClientWPFPostB", "ClientWPFPostB\ClientWPFPostB.csproj", "{F32FD83C-329E-460A-AB22-7682759CF6C7}"
EndProject
Global
	GlobalSection(SolutionConfigurationPlatforms) = preSolution
		Debug|Any CPU = Debug|Any CPU
		Release|Any CPU = Release|Any CPU
	EndGlobalSection
	GlobalSection(ProjectConfigurationPlatforms) = postSolution
		{721D467C-BB78-4082-962C-9CB3C0368B4E}.Debug|Any CPU.ActiveCfg = Debug|Any CPU
		{721D467C-BB78-4082-962C-9CB3C0368B4E}.Debug|Any CPU.Build.0 = Debug|Any CPU
		{721D467C-BB78-4082-962C-9CB3C0368B4E}.Release|Any CPU.ActiveCfg = Release|Any CPU
		{721D467C-BB78-4082-962C-9CB3C0368B4E}.Release|Any CPU.Build.0 = Release|Any CPU
		{0CD7ECF1-1075-4A05-912B-89F25D034C1D}.Debug|Any CPU.ActiveCfg = Debug|Any CPU
		{0CD7ECF1-1075-4A05-912B-89F25D034C1D}.Debug|Any CPU.Build.0 = Debug|Any CPU
		{0CD7ECF1-1075-4A05-912B-89F25D034C1D}.Release|Any CPU.ActiveCfg = Release|Any CPU
		{0CD7ECF1-1075-4A05-912B-89F25D034C1D}.Release|Any CPU.Build.0 = Release|Any CPU
		{F32FD83C-329E-460A-AB22-7682759CF6C7}.Debug|Any CPU.ActiveCfg = Debug|Any CPU
		{F32FD83C-329E-460A-AB22-7682759CF6C7}.Debug|Any CPU.Build.0 = Debug|Any CPU
		{F32FD83C-329E-460A-AB22-7682759CF6C7}.Release|Any CPU.ActiveCfg = Release|Any CPU
		{F32FD83C-329E-460A-AB22-7682759CF6C7}.Release|Any CPU.Build.0 = Release|Any CPU
	EndGlobalSection
	GlobalSection(SolutionProperties) = preSolution
		HideSolutionNode = FALSE
	EndGlobalSection
	GlobalSection(ExtensibilityGlobals) = postSolution
		SolutionGuid = {1C746442-BAA5-425F-89D9-5CD7986070B3}
	EndGlobalSection
EndGlobal
